dependencies:
- name: devai-api
  repository: file://../devai-api
  version: 0.1.21
- name: devai-sre
  repository: file://../devai-sre
  version: 0.1.12
- name: devai-dashboard
  repository: file://../devai-dashboard
  version: 0.1.0
- name: devai-sre-dashboard
  repository: file://../devai-sre-dashboard
  version: 0.1.0
- name: devai-ai-gateway
  repository: file://../devai-ai-gateway
  version: 0.2.10
- name: devai-auth-bff
  repository: file://../devai-auth-bff
  version: 0.1.2
- name: devai-registry-bootstrap
  repository: file://../devai-registry-bootstrap
  version: 0.1.8
digest: sha256:e55dae661b7e25c1be1bfbf7f79395724c21c51c2688b8a707dbd47270caf49b
generated: "2026-08-23T04:07:13.768944+10:00"
