dependencies:
- name: devai-api
  repository: file://../devai-api
  version: 0.1.39
- name: devai-sre
  repository: file://../devai-sre
  version: 0.1.16
- name: devai-dashboard
  repository: file://../devai-dashboard
  version: 0.1.0
- name: devai-sre-dashboard
  repository: file://../devai-sre-dashboard
  version: 0.1.0
- name: devai-ai-gateway
  repository: file://../devai-ai-gateway
  version: 0.2.13
- name: devai-auth-bff
  repository: file://../devai-auth-bff
  version: 0.1.2
- name: devai-registry-bootstrap
  repository: file://../devai-registry-bootstrap
  version: 0.1.13
digest: sha256:0473a7718a132f9b20fbc93107a2616784a3e6b7d4259cd9900d91f66bcb5921
generated: "2026-09-03T15:22:15.741323+10:00"
