dependencies:
- name: devai-api
  repository: file://../devai-api
  version: 0.1.15
- name: devai-sre
  repository: file://../devai-sre
  version: 0.1.10
- name: devai-dashboard
  repository: file://../devai-dashboard
  version: 0.1.0
- name: devai-sre-dashboard
  repository: file://../devai-sre-dashboard
  version: 0.1.0
- name: devai-ai-gateway
  repository: file://../devai-ai-gateway
  version: 0.2.4
- name: devai-auth-bff
  repository: file://../devai-auth-bff
  version: 0.1.2
- name: devai-registry-bootstrap
  repository: file://../devai-registry-bootstrap
  version: 0.1.4
digest: sha256:1f02a10e344df66b4dfd51a1b88097379de93842b1f119a71c47ba81f51a6fdd
generated: "2026-08-20T00:40:43.525149+10:00"
